
Microsoft Visual Studio Solution File, Format Version 12.00
# Visual Studio Express 2012 for Windows Desktop
Project("{8BC9CEB8-8B4A-11D0-8D11-00A0C91BC942}") = "fon2", "fon2.vcxproj", "{CA4B2743-3724-49B0-A737-E4B0FC8A7871}"
EndProject
Global
	GlobalSection(SolutionConfigurationPlatforms) = preSolution
		Debug|Win32 = Debug|Win32
		Debug|x64 = Debug|x64
		Release|Win32 = Release|Win32
		Release|x64 = Release|x64
	EndGlobalSection
	GlobalSection(ProjectConfigurationPlatforms) = postSolution
		{CA4B2743-3724-49B0-A737-E4B0FC8A7871}.Debug|Win32.ActiveCfg = Debug|Win32
		{CA4B2743-3724-49B0-A737-E4B0FC8A7871}.Debug|Win32.Build.0 = Debug|Win32
		{CA4B2743-3724-49B0-A737-E4B0FC8A7871}.Debug|x64.ActiveCfg = Debug|x64
		{CA4B2743-3724-49B0-A737-E4B0FC8A7871}.Debug|x64.Build.0 = Debug|x64
		{CA4B2743-3724-49B0-A737-E4B0FC8A7871}.Release|Win32.ActiveCfg = Release|Win32
		{CA4B2743-3724-49B0-A737-E4B0FC8A7871}.Release|Win32.Build.0 = Release|Win32
		{CA4B2743-3724-49B0-A737-E4B0FC8A7871}.Release|x64.ActiveCfg = Release|x64
		{CA4B2743-3724-49B0-A737-E4B0FC8A7871}.Release|x64.Build.0 = Release|x64
	EndGlobalSection
	GlobalSection(SolutionProperties) = preSolution
		HideSolutionNode = FALSE
	EndGlobalSection
EndGlobal
